
Microsoft Visual Studio Solution File, Format Version 12.00
# Visual Studio 2012
Project("{FAE04EC0-301F-11D3-BF4B-00C04F79EFBC}") = "bowling-web-test", "bowling-web-test\bowling-web-test.csproj", "{1F35D304-7B18-4B9D-980B-3048EC8BA723}"
EndProject
Project("{FAE04EC0-301F-11D3-BF4B-00C04F79EFBC}") = "bowling-web-test.Tests", "bowling-web-test.Tests\bowling-web-test.Tests.csproj", "{CCC0BD47-AEDA-46E3-9576-9C30054FBFD6}"
EndProject
Global
	GlobalSection(TeamFoundationVersionControl) = preSolution
		SccNumberOfProjects = 3
		SccEnterpriseProvider = {4CA58AB2-18FA-4F8D-95D4-32DDF27D184C}
		SccTeamFoundationServer = http://w20:8080/tfs/defaultcollection
		SccLocalPath0 = .
		SccProjectUniqueName1 = bowling-web-test.Tests\\bowling-web-test.Tests.csproj
		SccProjectName1 = bowling-web-test.Tests
		SccLocalPath1 = bowling-web-test.Tests
		SccProjectUniqueName2 = bowling-web-test\\bowling-web-test.csproj
		SccProjectName2 = bowling-web-test
		SccLocalPath2 = bowling-web-test
	EndGlobalSection
	GlobalSection(SolutionConfigurationPlatforms) = preSolution
		Debug|Any CPU = Debug|Any CPU
		Release|Any CPU = Release|Any CPU
	EndGlobalSection
	GlobalSection(ProjectConfigurationPlatforms) = postSolution
		{1F35D304-7B18-4B9D-980B-3048EC8BA723}.Debug|Any CPU.ActiveCfg = Debug|Any CPU
		{1F35D304-7B18-4B9D-980B-3048EC8BA723}.Debug|Any CPU.Build.0 = Debug|Any CPU
		{1F35D304-7B18-4B9D-980B-3048EC8BA723}.Release|Any CPU.ActiveCfg = Release|Any CPU
		{1F35D304-7B18-4B9D-980B-3048EC8BA723}.Release|Any CPU.Build.0 = Release|Any CPU
		{CCC0BD47-AEDA-46E3-9576-9C30054FBFD6}.Debug|Any CPU.ActiveCfg = Debug|Any CPU
		{CCC0BD47-AEDA-46E3-9576-9C30054FBFD6}.Debug|Any CPU.Build.0 = Debug|Any CPU
		{CCC0BD47-AEDA-46E3-9576-9C30054FBFD6}.Release|Any CPU.ActiveCfg = Release|Any CPU
		{CCC0BD47-AEDA-46E3-9576-9C30054FBFD6}.Release|Any CPU.Build.0 = Release|Any CPU
	EndGlobalSection
	GlobalSection(SolutionProperties) = preSolution
		HideSolutionNode = FALSE
	EndGlobalSection
EndGlobal
