
Microsoft Visual Studio Solution File, Format Version 12.00
# Visual Studio 2012
Project("{FAE04EC0-301F-11D3-BF4B-00C04F79EFBC}") = "bowling.entitiy", "bowling.entitiy\bowling.entitiy.csproj", "{86AEE7C3-AAF9-48FD-8B1C-C7A3D02704B0}"
EndProject
Project("{FAE04EC0-301F-11D3-BF4B-00C04F79EFBC}") = "bowling.rest.serviceinterface", "bowling.rest.serviceinterface\bowling.rest.serviceinterface.csproj", "{5FDB8605-9042-4D78-B95D-DA6B6140AEE7}"
EndProject
Project("{FAE04EC0-301F-11D3-BF4B-00C04F79EFBC}") = "bowling.rest.servicemodel", "bowling.rest.servicemodel\bowling.rest.servicemodel.csproj", "{FB1F8289-827D-435A-B437-2359D7DF4BA2}"
EndProject
Project("{FAE04EC0-301F-11D3-BF4B-00C04F79EFBC}") = "bowling.rest.webservice", "bowling.rest.webservice\bowling.rest.webservice.csproj", "{96AAF02B-456D-400F-BAD4-A5B388813B6B}"
EndProject
Project("{FAE04EC0-301F-11D3-BF4B-00C04F79EFBC}") = "ConsoleApplication1", "bowling.scheduling\ConsoleApplication1\ConsoleApplication1\ConsoleApplication1.csproj", "{EFB72D51-8681-4AF0-84DA-7566A22F8181}"
EndProject
Project("{FAE04EC0-301F-11D3-BF4B-00C04F79EFBC}") = "bowling.website", "bowling.website\bowling.website.csproj", "{ABAC7F45-2523-4010-9417-410F9494D2F1}"
EndProject
Project("{FAE04EC0-301F-11D3-BF4B-00C04F79EFBC}") = "bowling.website.tests", "bowling.website.tests\bowling.website.tests.csproj", "{99DE07D0-225D-465D-AF65-581BB65C2459}"
EndProject
Project("{FAE04EC0-301F-11D3-BF4B-00C04F79EFBC}") = "bowling.entity.init", "bowling.entity.init\bowling.entity.init.csproj", "{7112AC6B-C406-481D-99D4-56BA796B7173}"
EndProject
Project("{FAE04EC0-301F-11D3-BF4B-00C04F79EFBC}") = "bowling.entity.nhibernateprovider", "bowling.entity.nhibernateprovider\bowling.entity.nhibernateprovider.csproj", "{4E471CAC-A108-49AE-A4D6-155DC35712C9}"
EndProject
Project("{FAE04EC0-301F-11D3-BF4B-00C04F79EFBC}") = "bowling.entity.mstest", "bowling.entity.mstest\bowling.entity.mstest.csproj", "{338A3E7C-7562-4D35-A997-0BA77B256DA1}"
EndProject
Project("{FAE04EC0-301F-11D3-BF4B-00C04F79EFBC}") = "bowling.rest.tests", "bowling.rest.tests\bowling.rest.tests.csproj", "{99A9B6CB-67F3-4440-B430-673350787975}"
EndProject
Global
	GlobalSection(TeamFoundationVersionControl) = preSolution
		SccNumberOfProjects = 12
		SccEnterpriseProvider = {4CA58AB2-18FA-4F8D-95D4-32DDF27D184C}
		SccTeamFoundationServer = http://w20:8080/tfs/defaultcollection
		SccLocalPath0 = .
		SccProjectUniqueName1 = bowling.rest.serviceinterface\\bowling.rest.serviceinterface.csproj
		SccProjectName1 = bowling.rest.serviceinterface
		SccLocalPath1 = bowling.rest.serviceinterface
		SccProjectUniqueName2 = bowling.rest.servicemodel\\bowling.rest.servicemodel.csproj
		SccProjectName2 = bowling.rest.servicemodel
		SccLocalPath2 = bowling.rest.servicemodel
		SccProjectUniqueName3 = bowling.rest.webservice\\bowling.rest.webservice.csproj
		SccProjectName3 = bowling.rest.webservice
		SccLocalPath3 = bowling.rest.webservice
		SccProjectUniqueName4 = bowling.scheduling\\ConsoleApplication1\\ConsoleApplication1\\ConsoleApplication1.csproj
		SccProjectName4 = bowling.scheduling/ConsoleApplication1/ConsoleApplication1
		SccLocalPath4 = bowling.scheduling\\ConsoleApplication1\\ConsoleApplication1
		SccProjectUniqueName5 = bowling.website.tests\\bowling.website.tests.csproj
		SccProjectName5 = bowling.website.tests
		SccLocalPath5 = bowling.website.tests
		SccProjectUniqueName6 = bowling.website\\bowling.website.csproj
		SccProjectName6 = bowling.website
		SccLocalPath6 = bowling.website
		SccProjectUniqueName7 = bowling.entitiy\\bowling.entitiy.csproj
		SccProjectName7 = bowling.entitiy
		SccLocalPath7 = bowling.entitiy
		SccProjectUniqueName8 = bowling.entity.init\\bowling.entity.init.csproj
		SccProjectName8 = bowling.entity.init
		SccLocalPath8 = bowling.entity.init
		SccProjectUniqueName9 = bowling.entity.nhibernateprovider\\bowling.entity.nhibernateprovider.csproj
		SccProjectName9 = bowling.entity.nhibernateprovider
		SccLocalPath9 = bowling.entity.nhibernateprovider
		SccProjectUniqueName10 = bowling.entity.mstest\\bowling.entity.mstest.csproj
		SccProjectName10 = bowling.entity.mstest
		SccLocalPath10 = bowling.entity.mstest
		SccProjectUniqueName11 = bowling.rest.tests\\bowling.rest.tests.csproj
		SccProjectName11 = bowling.rest.tests
		SccLocalPath11 = bowling.rest.tests
	EndGlobalSection
	GlobalSection(SolutionConfigurationPlatforms) = preSolution
		Debug|Any CPU = Debug|Any CPU
		Release|Any CPU = Release|Any CPU
	EndGlobalSection
	GlobalSection(ProjectConfigurationPlatforms) = postSolution
		{86AEE7C3-AAF9-48FD-8B1C-C7A3D02704B0}.Debug|Any CPU.ActiveCfg = Debug|Any CPU
		{86AEE7C3-AAF9-48FD-8B1C-C7A3D02704B0}.Debug|Any CPU.Build.0 = Debug|Any CPU
		{86AEE7C3-AAF9-48FD-8B1C-C7A3D02704B0}.Release|Any CPU.ActiveCfg = Release|Any CPU
		{86AEE7C3-AAF9-48FD-8B1C-C7A3D02704B0}.Release|Any CPU.Build.0 = Release|Any CPU
		{5FDB8605-9042-4D78-B95D-DA6B6140AEE7}.Debug|Any CPU.ActiveCfg = Debug|Any CPU
		{5FDB8605-9042-4D78-B95D-DA6B6140AEE7}.Debug|Any CPU.Build.0 = Debug|Any CPU
		{5FDB8605-9042-4D78-B95D-DA6B6140AEE7}.Release|Any CPU.ActiveCfg = Release|Any CPU
		{5FDB8605-9042-4D78-B95D-DA6B6140AEE7}.Release|Any CPU.Build.0 = Release|Any CPU
		{FB1F8289-827D-435A-B437-2359D7DF4BA2}.Debug|Any CPU.ActiveCfg = Debug|Any CPU
		{FB1F8289-827D-435A-B437-2359D7DF4BA2}.Debug|Any CPU.Build.0 = Debug|Any CPU
		{FB1F8289-827D-435A-B437-2359D7DF4BA2}.Release|Any CPU.ActiveCfg = Release|Any CPU
		{FB1F8289-827D-435A-B437-2359D7DF4BA2}.Release|Any CPU.Build.0 = Release|Any CPU
		{96AAF02B-456D-400F-BAD4-A5B388813B6B}.Debug|Any CPU.ActiveCfg = Debug|Any CPU
		{96AAF02B-456D-400F-BAD4-A5B388813B6B}.Debug|Any CPU.Build.0 = Debug|Any CPU
		{96AAF02B-456D-400F-BAD4-A5B388813B6B}.Release|Any CPU.ActiveCfg = Release|Any CPU
		{96AAF02B-456D-400F-BAD4-A5B388813B6B}.Release|Any CPU.Build.0 = Release|Any CPU
		{EFB72D51-8681-4AF0-84DA-7566A22F8181}.Debug|Any CPU.ActiveCfg = Debug|Any CPU
		{EFB72D51-8681-4AF0-84DA-7566A22F8181}.Debug|Any CPU.Build.0 = Debug|Any CPU
		{EFB72D51-8681-4AF0-84DA-7566A22F8181}.Release|Any CPU.ActiveCfg = Release|Any CPU
		{EFB72D51-8681-4AF0-84DA-7566A22F8181}.Release|Any CPU.Build.0 = Release|Any CPU
		{ABAC7F45-2523-4010-9417-410F9494D2F1}.Debug|Any CPU.ActiveCfg = Debug|Any CPU
		{ABAC7F45-2523-4010-9417-410F9494D2F1}.Debug|Any CPU.Build.0 = Debug|Any CPU
		{ABAC7F45-2523-4010-9417-410F9494D2F1}.Release|Any CPU.ActiveCfg = Release|Any CPU
		{ABAC7F45-2523-4010-9417-410F9494D2F1}.Release|Any CPU.Build.0 = Release|Any CPU
		{99DE07D0-225D-465D-AF65-581BB65C2459}.Debug|Any CPU.ActiveCfg = Debug|Any CPU
		{99DE07D0-225D-465D-AF65-581BB65C2459}.Debug|Any CPU.Build.0 = Debug|Any CPU
		{99DE07D0-225D-465D-AF65-581BB65C2459}.Release|Any CPU.ActiveCfg = Release|Any CPU
		{99DE07D0-225D-465D-AF65-581BB65C2459}.Release|Any CPU.Build.0 = Release|Any CPU
		{7112AC6B-C406-481D-99D4-56BA796B7173}.Debug|Any CPU.ActiveCfg = Debug|Any CPU
		{7112AC6B-C406-481D-99D4-56BA796B7173}.Debug|Any CPU.Build.0 = Debug|Any CPU
		{7112AC6B-C406-481D-99D4-56BA796B7173}.Release|Any CPU.ActiveCfg = Release|Any CPU
		{7112AC6B-C406-481D-99D4-56BA796B7173}.Release|Any CPU.Build.0 = Release|Any CPU
		{4E471CAC-A108-49AE-A4D6-155DC35712C9}.Debug|Any CPU.ActiveCfg = Debug|Any CPU
		{4E471CAC-A108-49AE-A4D6-155DC35712C9}.Debug|Any CPU.Build.0 = Debug|Any CPU
		{4E471CAC-A108-49AE-A4D6-155DC35712C9}.Release|Any CPU.ActiveCfg = Release|Any CPU
		{4E471CAC-A108-49AE-A4D6-155DC35712C9}.Release|Any CPU.Build.0 = Release|Any CPU
		{338A3E7C-7562-4D35-A997-0BA77B256DA1}.Debug|Any CPU.ActiveCfg = Debug|Any CPU
		{338A3E7C-7562-4D35-A997-0BA77B256DA1}.Debug|Any CPU.Build.0 = Debug|Any CPU
		{338A3E7C-7562-4D35-A997-0BA77B256DA1}.Release|Any CPU.ActiveCfg = Release|Any CPU
		{338A3E7C-7562-4D35-A997-0BA77B256DA1}.Release|Any CPU.Build.0 = Release|Any CPU
		{99A9B6CB-67F3-4440-B430-673350787975}.Debug|Any CPU.ActiveCfg = Debug|Any CPU
		{99A9B6CB-67F3-4440-B430-673350787975}.Debug|Any CPU.Build.0 = Debug|Any CPU
		{99A9B6CB-67F3-4440-B430-673350787975}.Release|Any CPU.ActiveCfg = Release|Any CPU
		{99A9B6CB-67F3-4440-B430-673350787975}.Release|Any CPU.Build.0 = Release|Any CPU
	EndGlobalSection
	GlobalSection(SolutionProperties) = preSolution
		HideSolutionNode = FALSE
	EndGlobalSection
EndGlobal
