
Microsoft Visual Studio Solution File, Format Version 12.00
# Visual Studio 2012
Project("{FAE04EC0-301F-11D3-BF4B-00C04F79EFBC}") = "bowling.entitiy", "bowling.entitiy\bowling.entitiy.csproj", "{86AEE7C3-AAF9-48FD-8B1C-C7A3D02704B0}"
EndProject
Project("{FAE04EC0-301F-11D3-BF4B-00C04F79EFBC}") = "bowling.rest.serviceinterface", "bowling.rest.serviceinterface\bowling.rest.serviceinterface.csproj", "{5FDB8605-9042-4D78-B95D-DA6B6140AEE7}"
EndProject
Project("{FAE04EC0-301F-11D3-BF4B-00C04F79EFBC}") = "bowling.rest.servicemodel", "bowling.rest.servicemodel\bowling.rest.servicemodel.csproj", "{FB1F8289-827D-435A-B437-2359D7DF4BA2}"
EndProject
Project("{FAE04EC0-301F-11D3-BF4B-00C04F79EFBC}") = "bowling.rest.webservice", "bowling.rest.webservice\bowling.rest.webservice.csproj", "{96AAF02B-456D-400F-BAD4-A5B388813B6B}"
EndProject
Project("{FAE04EC0-301F-11D3-BF4B-00C04F79EFBC}") = "bowling.website", "bowling.website\bowling.website.csproj", "{ABAC7F45-2523-4010-9417-410F9494D2F1}"
EndProject
Project("{FAE04EC0-301F-11D3-BF4B-00C04F79EFBC}") = "bowling.website.tests", "bowling.website.tests\bowling.website.tests.csproj", "{99DE07D0-225D-465D-AF65-581BB65C2459}"
EndProject
Project("{FAE04EC0-301F-11D3-BF4B-00C04F79EFBC}") = "bowling.entity.init", "bowling.entity.init\bowling.entity.init.csproj", "{7112AC6B-C406-481D-99D4-56BA796B7173}"
EndProject
Project("{FAE04EC0-301F-11D3-BF4B-00C04F79EFBC}") = "bowling.entity.nhibernateprovider", "bowling.entity.nhibernateprovider\bowling.entity.nhibernateprovider.csproj", "{4E471CAC-A108-49AE-A4D6-155DC35712C9}"
EndProject
Project("{FAE04EC0-301F-11D3-BF4B-00C04F79EFBC}") = "bowling.entity.mstest", "bowling.entity.mstest\bowling.entity.mstest.csproj", "{338A3E7C-7562-4D35-A997-0BA77B256DA1}"
EndProject
Project("{FAE04EC0-301F-11D3-BF4B-00C04F79EFBC}") = "bowling.rest.tests", "bowling.rest.tests\bowling.rest.tests.csproj", "{99A9B6CB-67F3-4440-B430-673350787975}"
EndProject
Project("{F088123C-0E9E-452A-89E6-6BA2F21D5CAC}") = "bowling.modeling", "bowling.modeling\bowling.modeling.modelproj", "{F96C74E5-26F9-471C-B1D7-0BE382C3C5DB}"
EndProject
Project("{2150E333-8FDC-42A3-9474-1A3956D46DE8}") = "Domain Model", "Domain Model", "{BF5F0475-D6F7-46C6-A8E6-9A12E58221BF}"
EndProject
Project("{2150E333-8FDC-42A3-9474-1A3956D46DE8}") = "Modeling", "Modeling", "{A37E736D-0F24-454D-9165-AEB0015FBE49}"
EndProject
Project("{2150E333-8FDC-42A3-9474-1A3956D46DE8}") = "API", "API", "{21D9274B-1AF0-4B18-BEDF-879F1C7A0882}"
EndProject
Project("{2150E333-8FDC-42A3-9474-1A3956D46DE8}") = "Website", "Website", "{4AFC6CED-BD41-4D76-920E-E646D2A9C930}"
EndProject
Project("{FAE04EC0-301F-11D3-BF4B-00C04F79EFBC}") = "bowling.scheduling.unittests", "bowling.scheduling.unittests\bowling.scheduling.unittests.csproj", "{49DF412E-FB20-4B1A-A4FB-5A7C82B98454}"
EndProject
Project("{FAE04EC0-301F-11D3-BF4B-00C04F79EFBC}") = "bowling.scheduling", "bowling.scheduling\bowling.scheduling.csproj", "{EFB72D51-8681-4AF0-84DA-7566A22F8181}"
EndProject
Global
	GlobalSection(TeamFoundationVersionControl) = preSolution
		SccNumberOfProjects = 14
		SccEnterpriseProvider = {4CA58AB2-18FA-4F8D-95D4-32DDF27D184C}
		SccTeamFoundationServer = http://w20:8080/tfs/defaultcollection
		SccLocalPath0 = .
		SccProjectUniqueName1 = bowling.rest.serviceinterface\\bowling.rest.serviceinterface.csproj
		SccProjectTopLevelParentUniqueName1 = bowling.system.sln
		SccProjectName1 = bowling.rest.serviceinterface
		SccLocalPath1 = bowling.rest.serviceinterface
		SccProjectUniqueName2 = bowling.rest.webservice\\bowling.rest.webservice.csproj
		SccProjectTopLevelParentUniqueName2 = bowling.system.sln
		SccProjectName2 = bowling.rest.webservice
		SccLocalPath2 = bowling.rest.webservice
		SccProjectUniqueName3 = bowling.website.tests\\bowling.website.tests.csproj
		SccProjectTopLevelParentUniqueName3 = bowling.system.sln
		SccProjectName3 = bowling.website.tests
		SccLocalPath3 = bowling.website.tests
		SccProjectUniqueName4 = bowling.website\\bowling.website.csproj
		SccProjectTopLevelParentUniqueName4 = bowling.system.sln
		SccProjectName4 = bowling.website
		SccLocalPath4 = bowling.website
		SccProjectUniqueName5 = bowling.entitiy\\bowling.entitiy.csproj
		SccProjectTopLevelParentUniqueName5 = bowling.system.sln
		SccProjectName5 = bowling.entitiy
		SccLocalPath5 = bowling.entitiy
		SccProjectUniqueName6 = bowling.entity.init\\bowling.entity.init.csproj
		SccProjectTopLevelParentUniqueName6 = bowling.system.sln
		SccProjectName6 = bowling.entity.init
		SccLocalPath6 = bowling.entity.init
		SccProjectUniqueName7 = bowling.entity.nhibernateprovider\\bowling.entity.nhibernateprovider.csproj
		SccProjectTopLevelParentUniqueName7 = bowling.system.sln
		SccProjectName7 = bowling.entity.nhibernateprovider
		SccLocalPath7 = bowling.entity.nhibernateprovider
		SccProjectUniqueName8 = bowling.entity.mstest\\bowling.entity.mstest.csproj
		SccProjectTopLevelParentUniqueName8 = bowling.system.sln
		SccProjectName8 = bowling.entity.mstest
		SccLocalPath8 = bowling.entity.mstest
		SccProjectUniqueName9 = bowling.rest.tests\\bowling.rest.tests.csproj
		SccProjectTopLevelParentUniqueName9 = bowling.system.sln
		SccProjectName9 = bowling.rest.tests
		SccLocalPath9 = bowling.rest.tests
		SccProjectUniqueName10 = bowling.rest.servicemodel\\bowling.rest.servicemodel.csproj
		SccProjectTopLevelParentUniqueName10 = bowling.system.sln
		SccProjectName10 = bowling.rest.servicemodel
		SccLocalPath10 = bowling.rest.servicemodel
		SccProjectUniqueName11 = bowling.modeling\\bowling.modeling.modelproj
		SccProjectTopLevelParentUniqueName11 = bowling.system.sln
		SccProjectName11 = bowling.modeling
		SccLocalPath11 = bowling.modeling
		SccProjectUniqueName12 = bowling.scheduling.unittests\\bowling.scheduling.unittests.csproj
		SccProjectName12 = bowling.scheduling.unittests
		SccLocalPath12 = bowling.scheduling.unittests
		SccProjectUniqueName13 = bowling.scheduling\\bowling.scheduling.csproj
		SccProjectName13 = bowling.scheduling
		SccLocalPath13 = bowling.scheduling
	EndGlobalSection
	GlobalSection(SolutionConfigurationPlatforms) = preSolution
		Debug|Any CPU = Debug|Any CPU
		Release|Any CPU = Release|Any CPU
	EndGlobalSection
	GlobalSection(ProjectConfigurationPlatforms) = postSolution
		{86AEE7C3-AAF9-48FD-8B1C-C7A3D02704B0}.Debug|Any CPU.ActiveCfg = Debug|Any CPU
		{86AEE7C3-AAF9-48FD-8B1C-C7A3D02704B0}.Debug|Any CPU.Build.0 = Debug|Any CPU
		{86AEE7C3-AAF9-48FD-8B1C-C7A3D02704B0}.Release|Any CPU.ActiveCfg = Release|Any CPU
		{86AEE7C3-AAF9-48FD-8B1C-C7A3D02704B0}.Release|Any CPU.Build.0 = Release|Any CPU
		{5FDB8605-9042-4D78-B95D-DA6B6140AEE7}.Debug|Any CPU.ActiveCfg = Debug|Any CPU
		{5FDB8605-9042-4D78-B95D-DA6B6140AEE7}.Debug|Any CPU.Build.0 = Debug|Any CPU
		{5FDB8605-9042-4D78-B95D-DA6B6140AEE7}.Release|Any CPU.ActiveCfg = Release|Any CPU
		{5FDB8605-9042-4D78-B95D-DA6B6140AEE7}.Release|Any CPU.Build.0 = Release|Any CPU
		{FB1F8289-827D-435A-B437-2359D7DF4BA2}.Debug|Any CPU.ActiveCfg = Debug|Any CPU
		{FB1F8289-827D-435A-B437-2359D7DF4BA2}.Debug|Any CPU.Build.0 = Debug|Any CPU
		{FB1F8289-827D-435A-B437-2359D7DF4BA2}.Release|Any CPU.ActiveCfg = Release|Any CPU
		{FB1F8289-827D-435A-B437-2359D7DF4BA2}.Release|Any CPU.Build.0 = Release|Any CPU
		{96AAF02B-456D-400F-BAD4-A5B388813B6B}.Debug|Any CPU.ActiveCfg = Debug|Any CPU
		{96AAF02B-456D-400F-BAD4-A5B388813B6B}.Debug|Any CPU.Build.0 = Debug|Any CPU
		{96AAF02B-456D-400F-BAD4-A5B388813B6B}.Release|Any CPU.ActiveCfg = Release|Any CPU
		{96AAF02B-456D-400F-BAD4-A5B388813B6B}.Release|Any CPU.Build.0 = Release|Any CPU
		{ABAC7F45-2523-4010-9417-410F9494D2F1}.Debug|Any CPU.ActiveCfg = Debug|Any CPU
		{ABAC7F45-2523-4010-9417-410F9494D2F1}.Debug|Any CPU.Build.0 = Debug|Any CPU
		{ABAC7F45-2523-4010-9417-410F9494D2F1}.Release|Any CPU.ActiveCfg = Release|Any CPU
		{ABAC7F45-2523-4010-9417-410F9494D2F1}.Release|Any CPU.Build.0 = Release|Any CPU
		{99DE07D0-225D-465D-AF65-581BB65C2459}.Debug|Any CPU.ActiveCfg = Debug|Any CPU
		{99DE07D0-225D-465D-AF65-581BB65C2459}.Debug|Any CPU.Build.0 = Debug|Any CPU
		{99DE07D0-225D-465D-AF65-581BB65C2459}.Release|Any CPU.ActiveCfg = Release|Any CPU
		{99DE07D0-225D-465D-AF65-581BB65C2459}.Release|Any CPU.Build.0 = Release|Any CPU
		{7112AC6B-C406-481D-99D4-56BA796B7173}.Debug|Any CPU.ActiveCfg = Debug|Any CPU
		{7112AC6B-C406-481D-99D4-56BA796B7173}.Debug|Any CPU.Build.0 = Debug|Any CPU
		{7112AC6B-C406-481D-99D4-56BA796B7173}.Release|Any CPU.ActiveCfg = Release|Any CPU
		{7112AC6B-C406-481D-99D4-56BA796B7173}.Release|Any CPU.Build.0 = Release|Any CPU
		{4E471CAC-A108-49AE-A4D6-155DC35712C9}.Debug|Any CPU.ActiveCfg = Debug|Any CPU
		{4E471CAC-A108-49AE-A4D6-155DC35712C9}.Debug|Any CPU.Build.0 = Debug|Any CPU
		{4E471CAC-A108-49AE-A4D6-155DC35712C9}.Release|Any CPU.ActiveCfg = Release|Any CPU
		{4E471CAC-A108-49AE-A4D6-155DC35712C9}.Release|Any CPU.Build.0 = Release|Any CPU
		{338A3E7C-7562-4D35-A997-0BA77B256DA1}.Debug|Any CPU.ActiveCfg = Debug|Any CPU
		{338A3E7C-7562-4D35-A997-0BA77B256DA1}.Debug|Any CPU.Build.0 = Debug|Any CPU
		{338A3E7C-7562-4D35-A997-0BA77B256DA1}.Release|Any CPU.ActiveCfg = Release|Any CPU
		{338A3E7C-7562-4D35-A997-0BA77B256DA1}.Release|Any CPU.Build.0 = Release|Any CPU
		{99A9B6CB-67F3-4440-B430-673350787975}.Debug|Any CPU.ActiveCfg = Debug|Any CPU
		{99A9B6CB-67F3-4440-B430-673350787975}.Debug|Any CPU.Build.0 = Debug|Any CPU
		{99A9B6CB-67F3-4440-B430-673350787975}.Release|Any CPU.ActiveCfg = Release|Any CPU
		{99A9B6CB-67F3-4440-B430-673350787975}.Release|Any CPU.Build.0 = Release|Any CPU
		{F96C74E5-26F9-471C-B1D7-0BE382C3C5DB}.Debug|Any CPU.ActiveCfg = Debug|Any CPU
		{F96C74E5-26F9-471C-B1D7-0BE382C3C5DB}.Debug|Any CPU.Build.0 = Debug|Any CPU
		{F96C74E5-26F9-471C-B1D7-0BE382C3C5DB}.Release|Any CPU.ActiveCfg = Release|Any CPU
		{F96C74E5-26F9-471C-B1D7-0BE382C3C5DB}.Release|Any CPU.Build.0 = Release|Any CPU
		{49DF412E-FB20-4B1A-A4FB-5A7C82B98454}.Debug|Any CPU.ActiveCfg = Debug|Any CPU
		{49DF412E-FB20-4B1A-A4FB-5A7C82B98454}.Debug|Any CPU.Build.0 = Debug|Any CPU
		{49DF412E-FB20-4B1A-A4FB-5A7C82B98454}.Release|Any CPU.ActiveCfg = Release|Any CPU
		{49DF412E-FB20-4B1A-A4FB-5A7C82B98454}.Release|Any CPU.Build.0 = Release|Any CPU
		{EFB72D51-8681-4AF0-84DA-7566A22F8181}.Debug|Any CPU.ActiveCfg = Debug|Any CPU
		{EFB72D51-8681-4AF0-84DA-7566A22F8181}.Debug|Any CPU.Build.0 = Debug|Any CPU
		{EFB72D51-8681-4AF0-84DA-7566A22F8181}.Release|Any CPU.ActiveCfg = Release|Any CPU
		{EFB72D51-8681-4AF0-84DA-7566A22F8181}.Release|Any CPU.Build.0 = Release|Any CPU
	EndGlobalSection
	GlobalSection(SolutionProperties) = preSolution
		HideSolutionNode = FALSE
	EndGlobalSection
	GlobalSection(NestedProjects) = preSolution
		{7112AC6B-C406-481D-99D4-56BA796B7173} = {BF5F0475-D6F7-46C6-A8E6-9A12E58221BF}
		{4E471CAC-A108-49AE-A4D6-155DC35712C9} = {BF5F0475-D6F7-46C6-A8E6-9A12E58221BF}
		{338A3E7C-7562-4D35-A997-0BA77B256DA1} = {BF5F0475-D6F7-46C6-A8E6-9A12E58221BF}
		{86AEE7C3-AAF9-48FD-8B1C-C7A3D02704B0} = {BF5F0475-D6F7-46C6-A8E6-9A12E58221BF}
		{FB1F8289-827D-435A-B437-2359D7DF4BA2} = {21D9274B-1AF0-4B18-BEDF-879F1C7A0882}
		{96AAF02B-456D-400F-BAD4-A5B388813B6B} = {21D9274B-1AF0-4B18-BEDF-879F1C7A0882}
		{99A9B6CB-67F3-4440-B430-673350787975} = {21D9274B-1AF0-4B18-BEDF-879F1C7A0882}
		{5FDB8605-9042-4D78-B95D-DA6B6140AEE7} = {21D9274B-1AF0-4B18-BEDF-879F1C7A0882}
		{99DE07D0-225D-465D-AF65-581BB65C2459} = {4AFC6CED-BD41-4D76-920E-E646D2A9C930}
		{ABAC7F45-2523-4010-9417-410F9494D2F1} = {4AFC6CED-BD41-4D76-920E-E646D2A9C930}
		{F96C74E5-26F9-471C-B1D7-0BE382C3C5DB} = {A37E736D-0F24-454D-9165-AEB0015FBE49}
	EndGlobalSection
EndGlobal
