
Microsoft Visual Studio Solution File, Format Version 12.00
# Visual Studio 2012
Project("{FAE04EC0-301F-11D3-BF4B-00C04F79EFBC}") = "ConsoleApplication1", "ConsoleApplication1\ConsoleApplication1.csproj", "{EFB72D51-8681-4AF0-84DA-7566A22F8181}"
EndProject
Project("{2150E333-8FDC-42A3-9474-1A3956D46DE8}") = "Solution Items", "Solution Items", "{600DE708-3D8F-485E-A6BD-F3C63D1F5810}"
	ProjectSection(SolutionItems) = preProject
		Performance1.psess = Performance1.psess
	EndProjectSection
EndProject
Global
	GlobalSection(SolutionConfigurationPlatforms) = preSolution
		Debug|Any CPU = Debug|Any CPU
		Release|Any CPU = Release|Any CPU
	EndGlobalSection
	GlobalSection(ProjectConfigurationPlatforms) = postSolution
		{EFB72D51-8681-4AF0-84DA-7566A22F8181}.Debug|Any CPU.ActiveCfg = Debug|Any CPU
		{EFB72D51-8681-4AF0-84DA-7566A22F8181}.Debug|Any CPU.Build.0 = Debug|Any CPU
		{EFB72D51-8681-4AF0-84DA-7566A22F8181}.Release|Any CPU.ActiveCfg = Release|Any CPU
		{EFB72D51-8681-4AF0-84DA-7566A22F8181}.Release|Any CPU.Build.0 = Release|Any CPU
	EndGlobalSection
	GlobalSection(SolutionProperties) = preSolution
		HideSolutionNode = FALSE
	EndGlobalSection
	GlobalSection(Performance) = preSolution
		HasPerformanceSessions = true
	EndGlobalSection
EndGlobal
